
Microsoft Visual Studio Solution File, Format Version 12.00
# Visual Studio Version 17
VisualStudioVersion = 17.2.32519.379
MinimumVisualStudioVersion = 10.0.40219.1
Project("{FAE04EC0-301F-11D3-BF4B-00C04F79EFBC}") = "MultiplesTareas", "MultiplesTareas\MultiplesTareas.csproj", "{9105B19E-3B09-4B51-9926-E3A50F45F761}"
EndProject
Project("{FAE04EC0-301F-11D3-BF4B-00C04F79EFBC}") = "WebApi", "WebApi\WebApi.csproj", "{5E4E2C0E-B62E-4E86-8782-456DE507FC00}"
EndProject
Global
	GlobalSection(SolutionConfigurationPlatforms) = preSolution
		Debug|Any CPU = Debug|Any CPU
		Release|Any CPU = Release|Any CPU
	EndGlobalSection
	GlobalSection(ProjectConfigurationPlatforms) = postSolution
		{9105B19E-3B09-4B51-9926-E3A50F45F761}.Debug|Any CPU.ActiveCfg = Debug|Any CPU
		{9105B19E-3B09-4B51-9926-E3A50F45F761}.Debug|Any CPU.Build.0 = Debug|Any CPU
		{9105B19E-3B09-4B51-9926-E3A50F45F761}.Release|Any CPU.ActiveCfg = Release|Any CPU
		{9105B19E-3B09-4B51-9926-E3A50F45F761}.Release|Any CPU.Build.0 = Release|Any CPU
		{5E4E2C0E-B62E-4E86-8782-456DE507FC00}.Debug|Any CPU.ActiveCfg = Debug|Any CPU
		{5E4E2C0E-B62E-4E86-8782-456DE507FC00}.Debug|Any CPU.Build.0 = Debug|Any CPU
		{5E4E2C0E-B62E-4E86-8782-456DE507FC00}.Release|Any CPU.ActiveCfg = Release|Any CPU
		{5E4E2C0E-B62E-4E86-8782-456DE507FC00}.Release|Any CPU.Build.0 = Release|Any CPU
	EndGlobalSection
	GlobalSection(SolutionProperties) = preSolution
		HideSolutionNode = FALSE
	EndGlobalSection
	GlobalSection(ExtensibilityGlobals) = postSolution
		SolutionGuid = {F04DB900-71BD-4E5A-81A9-7FCD7C349392}
	EndGlobalSection
EndGlobal
